// !$*UTF8*$!
{
	archiveVersion = 1;
	classes = {
	};
	objectVersion = 46;
	objects = {

/* Begin PBXBuildFile section */
		38C2ACEE15974C4C00452D76 /* Foundation.framework in Frameworks */ = {isa = PBXBuildFile; fileRef = 38C2ACED15974C4C00452D76 /* Foundation.framework */; };
		38C2ACF115974C4C00452D76 /* main.cpp in Sources */ = {isa = PBXBuildFile; fileRef = 38C2ACF015974C4C00452D76 /* main.cpp */; };
		38C2ACF315974C4C00452D76 /* ResourcePath.mm in Sources */ = {isa = PBXBuildFile; fileRef = 38C2ACF215974C4C00452D76 /* ResourcePath.mm */; };
		38C2ACF715974C4C00452D76 /* sansation.ttf in Resources */ = {isa = PBXBuildFile; fileRef = 38C2ACF615974C4C00452D76 /* sansation.ttf */; };
		38C2ACFB15974C4C00452D76 /* nice_music.ogg in Resources */ = {isa = PBXBuildFile; fileRef = 38C2ACFA15974C4C00452D76 /* nice_music.ogg */; };
		38C2AD0015974C4C00452D76 /* InfoPlist.strings in Resources */ = {isa = PBXBuildFile; fileRef = 38C2ACFE15974C4C00452D76 /* InfoPlist.strings */; };
		38C2AD191597A52B00452D76 /* clickdown.png in Resources */ = {isa = PBXBuildFile; fileRef = 38C2AD151597A52B00452D76 /* clickdown.png */; };
		38C2AD1A1597A52B00452D76 /* clickup.png in Resources */ = {isa = PBXBuildFile; fileRef = 38C2AD161597A52B00452D76 /* clickup.png */; };
		38C2AD1B1597A52B00452D76 /* original.png in Resources */ = {isa = PBXBuildFile; fileRef = 38C2AD171597A52B00452D76 /* original.png */; };
		38C2AD1C1597A52B00452D76 /* over.png in Resources */ = {isa = PBXBuildFile; fileRef = 38C2AD181597A52B00452D76 /* over.png */; };
/* End PBXBuildFile section */

/* Begin PBXFileReference section */
		38C2ACE915974C4C00452D76 /* dpFinal.app */ = {isa = PBXFileReference; explicitFileType = wrapper.application; includeInIndex = 0; path = dpFinal.app; sourceTree = BUILT_PRODUCTS_DIR; };
		38C2ACED15974C4C00452D76 /* Foundation.framework */ = {isa = PBXFileReference; lastKnownFileType = wrapper.framework; name = Foundation.framework; path = System/Library/Frameworks/Foundation.framework; sourceTree = SDKROOT; };
		38C2ACF015974C4C00452D76 /* main.cpp */ = {isa = PBXFileReference; lastKnownFileType = sourcecode.cpp.cpp; path = main.cpp; sourceTree = "<group>"; };
		38C2ACF215974C4C00452D76 /* ResourcePath.mm */ = {isa = PBXFileReference; lastKnownFileType = sourcecode.cpp.objcpp; path = ResourcePath.mm; sourceTree = "<group>"; };
		38C2ACF415974C4C00452D76 /* ResourcePath.hpp */ = {isa = PBXFileReference; lastKnownFileType = sourcecode.cpp.h; path = ResourcePath.hpp; sourceTree = "<group>"; };
		38C2ACF615974C4C00452D76 /* sansation.ttf */ = {isa = PBXFileReference; lastKnownFileType = file; path = sansation.ttf; sourceTree = "<group>"; };
		38C2ACFA15974C4C00452D76 /* nice_music.ogg */ = {isa = PBXFileReference; lastKnownFileType = file; path = nice_music.ogg; sourceTree = "<group>"; };
		38C2ACFD15974C4C00452D76 /* dpFinal-Info.plist */ = {isa = PBXFileReference; lastKnownFileType = text.plist.xml; path = "dpFinal-Info.plist"; sourceTree = "<group>"; };
		38C2ACFF15974C4C00452D76 /* en */ = {isa = PBXFileReference; lastKnownFileType = text.plist.strings; name = en; path = en.lproj/InfoPlist.strings; sourceTree = "<group>"; };
		38C2AD151597A52B00452D76 /* clickdown.png */ = {isa = PBXFileReference; lastKnownFileType = image.png; path = clickdown.png; sourceTree = "<group>"; };
		38C2AD161597A52B00452D76 /* clickup.png */ = {isa = PBXFileReference; lastKnownFileType = image.png; path = clickup.png; sourceTree = "<group>"; };
		38C2AD171597A52B00452D76 /* original.png */ = {isa = PBXFileReference; lastKnownFileType = image.png; path = original.png; sourceTree = "<group>"; };
		38C2AD181597A52B00452D76 /* over.png */ = {isa = PBXFileReference; lastKnownFileType = image.png; path = over.png; sourceTree = "<group>"; };
/* End PBXFileReference section */

/* Begin PBXFrameworksBuildPhase section */
		38C2ACE615974C4C00452D76 /* Frameworks */ = {
			isa = PBXFrameworksBuildPhase;
			buildActionMask = 2147483647;
			files = (
				38C2ACEE15974C4C00452D76 /* Foundation.framework in Frameworks */,
			);
			runOnlyForDeploymentPostprocessing = 0;
		};
/* End PBXFrameworksBuildPhase section */

/* Begin PBXGroup section */
		38C2ACDD15974C4C00452D76 = {
			isa = PBXGroup;
			children = (
				38C2ACEF15974C4C00452D76 /* dpFinal */,
				38C2ACEC15974C4C00452D76 /* Frameworks */,
				38C2ACEA15974C4C00452D76 /* Products */,
			);
			sourceTree = "<group>";
		};
		38C2ACEA15974C4C00452D76 /* Products */ = {
			isa = PBXGroup;
			children = (
				38C2ACE915974C4C00452D76 /* dpFinal.app */,
			);
			name = Products;
			sourceTree = "<group>";
		};
		38C2ACEC15974C4C00452D76 /* Frameworks */ = {
			isa = PBXGroup;
			children = (
				38C2ACED15974C4C00452D76 /* Foundation.framework */,
			);
			name = Frameworks;
			sourceTree = "<group>";
		};
		38C2ACEF15974C4C00452D76 /* dpFinal */ = {
			isa = PBXGroup;
			children = (
				38C2ACF015974C4C00452D76 /* main.cpp */,
				38C2ACF215974C4C00452D76 /* ResourcePath.mm */,
				38C2ACF415974C4C00452D76 /* ResourcePath.hpp */,
				38C2ACF515974C4C00452D76 /* Resources */,
				38C2ACFC15974C4C00452D76 /* Supporting Files */,
			);
			path = dpFinal;
			sourceTree = "<group>";
		};
		38C2ACF515974C4C00452D76 /* Resources */ = {
			isa = PBXGroup;
			children = (
				38C2AD151597A52B00452D76 /* clickdown.png */,
				38C2AD161597A52B00452D76 /* clickup.png */,
				38C2AD171597A52B00452D76 /* original.png */,
				38C2AD181597A52B00452D76 /* over.png */,
				38C2ACF615974C4C00452D76 /* sansation.ttf */,
				38C2ACFA15974C4C00452D76 /* nice_music.ogg */,
			);
			name = Resources;
			sourceTree = "<group>";
		};
		38C2ACFC15974C4C00452D76 /* Supporting Files */ = {
			isa = PBXGroup;
			children = (
				38C2ACFD15974C4C00452D76 /* dpFinal-Info.plist */,
				38C2ACFE15974C4C00452D76 /* InfoPlist.strings */,
			);
			name = "Supporting Files";
			sourceTree = "<group>";
		};
/* End PBXGroup section */

/* Begin PBXNativeTarget section */
		38C2ACE815974C4C00452D76 /* dpFinal */ = {
			isa = PBXNativeTarget;
			buildConfigurationList = 38C2AD0315974C4C00452D76 /* Build configuration list for PBXNativeTarget "dpFinal" */;
			buildPhases = (
				38C2ACE415974C4C00452D76 /* ShellScript */,
				38C2ACE515974C4C00452D76 /* Sources */,
				38C2ACE615974C4C00452D76 /* Frameworks */,
				38C2ACE715974C4C00452D76 /* Resources */,
			);
			buildRules = (
			);
			dependencies = (
			);
			name = dpFinal;
			productName = dpFinal;
			productReference = 38C2ACE915974C4C00452D76 /* dpFinal.app */;
			productType = "com.apple.product-type.application";
		};
/* End PBXNativeTarget section */

/* Begin PBXProject section */
		38C2ACDF15974C4C00452D76 /* Project object */ = {
			isa = PBXProject;
			attributes = {
				LastUpgradeCheck = 0430;
			};
			buildConfigurationList = 38C2ACE215974C4C00452D76 /* Build configuration list for PBXProject "dpFinal" */;
			compatibilityVersion = "Xcode 3.2";
			developmentRegion = English;
			hasScannedForEncodings = 0;
			knownRegions = (
				en,
			);
			mainGroup = 38C2ACDD15974C4C00452D76;
			productRefGroup = 38C2ACEA15974C4C00452D76 /* Products */;
			projectDirPath = "";
			projectRoot = "";
			targets = (
				38C2ACE815974C4C00452D76 /* dpFinal */,
			);
		};
/* End PBXProject section */

/* Begin PBXResourcesBuildPhase section */
		38C2ACE715974C4C00452D76 /* Resources */ = {
			isa = PBXResourcesBuildPhase;
			buildActionMask = 2147483647;
			files = (
				38C2ACF715974C4C00452D76 /* sansation.ttf in Resources */,
				38C2ACFB15974C4C00452D76 /* nice_music.ogg in Resources */,
				38C2AD0015974C4C00452D76 /* InfoPlist.strings in Resources */,
				38C2AD191597A52B00452D76 /* clickdown.png in Resources */,
				38C2AD1A1597A52B00452D76 /* clickup.png in Resources */,
				38C2AD1B1597A52B00452D76 /* original.png in Resources */,
				38C2AD1C1597A52B00452D76 /* over.png in Resources */,
			);
			runOnlyForDeploymentPostprocessing = 0;
		};
/* End PBXResourcesBuildPhase section */

/* Begin PBXShellScriptBuildPhase section */
		38C2ACE415974C4C00452D76 /* ShellScript */ = {
			isa = PBXShellScriptBuildPhase;
			buildActionMask = 2147483647;
			files = (
			);
			inputPaths = (
			);
			outputPaths = (
			);
			runOnlyForDeploymentPostprocessing = 0;
			shellPath = /bin/sh;
			shellScript = "# This shell script simply copies required sfml dylibs/frameworks into the application bundle frameworks folder.\n# If you're using static libraries (which is not recommended) you should remove this script from your project.\n\n# Are we building a project that uses framework or dylibs ?\nif [ $SFML_LINK_PREFIX = $SFML_LINK_FRAMEWORKS_PREFIX ]\nthen\n    frameworks=1\nelse\n    frameworks=0\nfi\n\nrequire () # $1 is a SFML module like 'system' or 'audio'\n{\n    dest=$BUILT_PRODUCTS_DIR/$PRODUCT_NAME.app/Contents/Frameworks\n    \n    if [ -z $1 ]\n    then\n        echo \"no parameter! ERROR!\"\n        exit\n    else\n        # clean potentially old stuff\n        rm -f $dest/libsfml-$1.2.dylib\n        rm -f $dest/libsfml-$1-d.2.dylib\n        rm -fr $dest/sfml-$1.framework\n    \n        # copy SFML libraries\n        if [ $frameworks ]\n        then\n            ditto \"/Library/Frameworks/sfml-$1.framework\" \"$dest/sfml-$1.framework\"\n        elif [ $CONFIGURATION = \"Debug\" ]\n        then\n            ditto \"/usr/local/lib/libsfml-$1-d.2.dylib\" \"$dest/libsfml-$1-d.2.dylib\"\n        else\n            ditto \"/usr/local/lib/libsfml-$1.2.dylib\" \"$dest/libsfml-$1.2.dylib\"\n        fi\n        \n        if [ $1 = \"audio\" ]\n        then\n            # copy sndfile framework too\n            ditto \"/Library/Frameworks/sndfile.framework\" \"$dest/sndfile.framework\"\n        fi\n    fi\n}\n\nif [ -n \"$SFML_SYSTEM\" ]\nthen\n    require \"system\"\nfi\n\nif [ -n \"$SFML_AUDIO\" ]\nthen\n    require \"audio\"\nfi\n\nif [ -n \"$SFML_NETWORK\" ]\nthen\n    require \"network\"\nfi\n\nif [ -n \"$SFML_WINDOW\" ]\nthen\n    require \"window\"\nfi\n\nif [ -n \"$SFML_GRAPHICS\" ]\nthen\n    require \"graphics\"\nfi\n\t\t\t\t\t";
		};
/* End PBXShellScriptBuildPhase section */

/* Begin PBXSourcesBuildPhase section */
		38C2ACE515974C4C00452D76 /* Sources */ = {
			isa = PBXSourcesBuildPhase;
			buildActionMask = 2147483647;
			files = (
				38C2ACF115974C4C00452D76 /* main.cpp in Sources */,
				38C2ACF315974C4C00452D76 /* ResourcePath.mm in Sources */,
			);
			runOnlyForDeploymentPostprocessing = 0;
		};
/* End PBXSourcesBuildPhase section */

/* Begin PBXVariantGroup section */
		38C2ACFE15974C4C00452D76 /* InfoPlist.strings */ = {
			isa = PBXVariantGroup;
			children = (
				38C2ACFF15974C4C00452D76 /* en */,
			);
			name = InfoPlist.strings;
			sourceTree = "<group>";
		};
/* End PBXVariantGroup section */

/* Begin XCBuildConfiguration section */
		38C2AD0115974C4C00452D76 /* Debug */ = {
			isa = XCBuildConfiguration;
			buildSettings = {
				ALWAYS_SEARCH_USER_PATHS = NO;
				ARCHS = "$(ARCHS_STANDARD_64_BIT)";
				CLANG_ENABLE_OBJC_ARC = "";
				COPY_PHASE_STRIP = NO;
				GCC_C_LANGUAGE_STANDARD = gnu99;
				GCC_DYNAMIC_NO_PIC = NO;
				GCC_ENABLE_OBJC_EXCEPTIONS = YES;
				GCC_ENABLE_OBJC_GC = unsupported;
				GCC_OPTIMIZATION_LEVEL = 0;
				GCC_PREPROCESSOR_DEFINITIONS = (
					"DEBUG=1",
					"$(inherited)",
				);
				GCC_SYMBOLS_PRIVATE_EXTERN = NO;
				GCC_VERSION = com.apple.compilers.llvm.clang.1_0;
				GCC_WARN_64_TO_32_BIT_CONVERSION = YES;
				GCC_WARN_ABOUT_RETURN_TYPE = YES;
				GCC_WARN_UNINITIALIZED_AUTOS = YES;
				GCC_WARN_UNUSED_VARIABLE = YES;
				HEADER_SEARCH_PATHS = "$(HEADER_SEARCH_PATHS)";
				MACOSX_DEPLOYMENT_TARGET = 10.7;
				ONLY_ACTIVE_ARCH = YES;
				OTHER_LDFLAGS = (
					"$(OTHER_LDFLAGS)",
					"$(SFML_SYSTEM)",
					"$(SFML_WINDOW)",
					"$(SFML_GRAPHICS)",
					"$(SFML_AUDIO)",
					"$(SFML_NETWORK)",
				);
				PRODUCT_NAME = "$(TARGET_NAME)";
				SDKROOT = macosx;
				SFML_AUDIO = "$(SFML_LINK_PREFIX)sfml-audio$(SFML_LINK_SUFFIX)";
				SFML_GRAPHICS = "$(SFML_LINK_PREFIX)sfml-graphics$(SFML_LINK_SUFFIX)";
				SFML_LINK_DYLIBS_PREFIX = "-l";
				SFML_LINK_DYLIBS_SUFFIX = "-d";
				SFML_LINK_FRAMEWORKS_PREFIX = "-framework ";
				SFML_LINK_FRAMEWORKS_SUFFIX = "";
				SFML_LINK_PREFIX = "$(SFML_LINK_FRAMEWORKS_PREFIX)";
				SFML_LINK_SUFFIX = "$(SFML_LINK_FRAMEWORKS_SUFFIX)";
				SFML_NETWORK = "$(SFML_LINK_PREFIX)sfml-network$(SFML_LINK_SUFFIX)";
				SFML_SYSTEM = "$(SFML_LINK_PREFIX)sfml-system$(SFML_LINK_SUFFIX)";
				SFML_WINDOW = "$(SFML_LINK_PREFIX)sfml-window$(SFML_LINK_SUFFIX)";
			};
			name = Debug;
		};
		38C2AD0215974C4C00452D76 /* Release */ = {
			isa = XCBuildConfiguration;
			buildSettings = {
				ALWAYS_SEARCH_USER_PATHS = NO;
				ARCHS = "$(ARCHS_STANDARD_64_BIT)";
				CLANG_ENABLE_OBJC_ARC = "";
				COPY_PHASE_STRIP = YES;
				DEBUG_INFORMATION_FORMAT = "dwarf-with-dsym";
				GCC_C_LANGUAGE_STANDARD = gnu99;
				GCC_ENABLE_OBJC_EXCEPTIONS = YES;
				GCC_ENABLE_OBJC_GC = unsupported;
				GCC_VERSION = com.apple.compilers.llvm.clang.1_0;
				GCC_WARN_64_TO_32_BIT_CONVERSION = YES;
				GCC_WARN_ABOUT_RETURN_TYPE = YES;
				GCC_WARN_UNINITIALIZED_AUTOS = YES;
				GCC_WARN_UNUSED_VARIABLE = YES;
				HEADER_SEARCH_PATHS = "$(HEADER_SEARCH_PATHS)";
				MACOSX_DEPLOYMENT_TARGET = 10.7;
				OTHER_LDFLAGS = (
					"$(OTHER_LDFLAGS)",
					"$(SFML_SYSTEM)",
					"$(SFML_WINDOW)",
					"$(SFML_GRAPHICS)",
					"$(SFML_AUDIO)",
					"$(SFML_NETWORK)",
				);
				PRODUCT_NAME = "$(TARGET_NAME)";
				SDKROOT = macosx;
				SFML_AUDIO = "$(SFML_LINK_PREFIX)sfml-audio$(SFML_LINK_SUFFIX)";
				SFML_GRAPHICS = "$(SFML_LINK_PREFIX)sfml-graphics$(SFML_LINK_SUFFIX)";
				SFML_LINK_DYLIBS_PREFIX = "-l";
				SFML_LINK_DYLIBS_SUFFIX = "";
				SFML_LINK_FRAMEWORKS_PREFIX = "-framework ";
				SFML_LINK_FRAMEWORKS_SUFFIX = "";
				SFML_LINK_PREFIX = "$(SFML_LINK_FRAMEWORKS_PREFIX)";
				SFML_LINK_SUFFIX = "$(SFML_LINK_FRAMEWORKS_SUFFIX)";
				SFML_NETWORK = "$(SFML_LINK_PREFIX)sfml-network$(SFML_LINK_SUFFIX)";
				SFML_SYSTEM = "$(SFML_LINK_PREFIX)sfml-system$(SFML_LINK_SUFFIX)";
				SFML_WINDOW = "$(SFML_LINK_PREFIX)sfml-window$(SFML_LINK_SUFFIX)";
			};
			name = Release;
		};
		38C2AD0415974C4C00452D76 /* Debug */ = {
			isa = XCBuildConfiguration;
			buildSettings = {
				COPY_PHASE_STRIP = NO;
				GCC_DYNAMIC_NO_PIC = NO;
				GCC_PRECOMPILE_PREFIX_HEADER = NO;
				GCC_PREFIX_HEADER = "";
				INFOPLIST_FILE = "dpFinal/dpFinal-Info.plist";
				PRODUCT_NAME = "$(TARGET_NAME)";
				SDKROOT = "";
				WRAPPER_EXTENSION = app;
			};
			name = Debug;
		};
		38C2AD0515974C4C00452D76 /* Release */ = {
			isa = XCBuildConfiguration;
			buildSettings = {
				COPY_PHASE_STRIP = YES;
				GCC_PRECOMPILE_PREFIX_HEADER = NO;
				GCC_PREFIX_HEADER = "";
				INFOPLIST_FILE = "dpFinal/dpFinal-Info.plist";
				PRODUCT_NAME = "$(TARGET_NAME)";
				SDKROOT = "";
				WRAPPER_EXTENSION = app;
			};
			name = Release;
		};
/* End XCBuildConfiguration section */

/* Begin XCConfigurationList section */
		38C2ACE215974C4C00452D76 /* Build configuration list for PBXProject "dpFinal" */ = {
			isa = XCConfigurationList;
			buildConfigurations = (
				38C2AD0115974C4C00452D76 /* Debug */,
				38C2AD0215974C4C00452D76 /* Release */,
			);
			defaultConfigurationIsVisible = 0;
			defaultConfigurationName = Release;
		};
		38C2AD0315974C4C00452D76 /* Build configuration list for PBXNativeTarget "dpFinal" */ = {
			isa = XCConfigurationList;
			buildConfigurations = (
				38C2AD0415974C4C00452D76 /* Debug */,
				38C2AD0515974C4C00452D76 /* Release */,
			);
			defaultConfigurationIsVisible = 0;
			defaultConfigurationName = Release;
		};
/* End XCConfigurationList section */
	};
	rootObject = 38C2ACDF15974C4C00452D76 /* Project object */;
}
